
Microsoft Visual Studio Solution File, Format Version 12.00
# Visual Studio Version 17
VisualStudioVersion = 17.0.31903.59
MinimumVisualStudioVersion = 10.0.40219.1
Project("{2150E333-8FDC-42A3-9474-1A3956D46DE8}") = "src", "src", "{538E17F6-1FE5-4D03-B85E-890866B0C5DB}"
EndProject
Project("{FAE04EC0-301F-11D3-BF4B-00C04F79EFBC}") = "WebAPI", "src\WebAPI\WebAPI.csproj", "{9318102D-4D1B-41F2-84AB-8681034712B0}"
EndProject
Project("{FAE04EC0-301F-11D3-BF4B-00C04F79EFBC}") = "Presentation", "src\Presentation\Presentation.csproj", "{6B9918FE-C9C2-4124-8506-32E58AE4453C}"
EndProject
Project("{FAE04EC0-301F-11D3-BF4B-00C04F79EFBC}") = "Entities", "src\Entities\Entities.csproj", "{63F482C8-13EC-4CAB-9F8D-47540B1F600F}"
EndProject
Project("{FAE04EC0-301F-11D3-BF4B-00C04F79EFBC}") = "Repositories", "src\Repositories\Repositories.csproj", "{F7AD7373-DEF3-4741-9DA2-D7BB6BA24D94}"
EndProject
Project("{FAE04EC0-301F-11D3-BF4B-00C04F79EFBC}") = "Services", "src\Services\Services.csproj", "{F8FFD511-9CB4-454A-9FD4-447F9B5A27C9}"
EndProject
Project("{2150E333-8FDC-42A3-9474-1A3956D46DE8}") = "tests", "tests", "{D4D66C8C-ED32-4FC3-8CF3-2902C6142C65}"
EndProject
Project("{FAE04EC0-301F-11D3-BF4B-00C04F79EFBC}") = "UnitTests", "tests\UnitTests\UnitTests.csproj", "{DA11FFD4-3215-4ACA-B25C-D5BFA7DFE18C}"
EndProject
Global
	GlobalSection(SolutionConfigurationPlatforms) = preSolution
		Debug|Any CPU = Debug|Any CPU
		Release|Any CPU = Release|Any CPU
	EndGlobalSection
	GlobalSection(SolutionProperties) = preSolution
		HideSolutionNode = FALSE
	EndGlobalSection
	GlobalSection(ProjectConfigurationPlatforms) = postSolution
		{9318102D-4D1B-41F2-84AB-8681034712B0}.Debug|Any CPU.ActiveCfg = Debug|Any CPU
		{9318102D-4D1B-41F2-84AB-8681034712B0}.Debug|Any CPU.Build.0 = Debug|Any CPU
		{9318102D-4D1B-41F2-84AB-8681034712B0}.Release|Any CPU.ActiveCfg = Release|Any CPU
		{9318102D-4D1B-41F2-84AB-8681034712B0}.Release|Any CPU.Build.0 = Release|Any CPU
		{6B9918FE-C9C2-4124-8506-32E58AE4453C}.Debug|Any CPU.ActiveCfg = Debug|Any CPU
		{6B9918FE-C9C2-4124-8506-32E58AE4453C}.Debug|Any CPU.Build.0 = Debug|Any CPU
		{6B9918FE-C9C2-4124-8506-32E58AE4453C}.Release|Any CPU.ActiveCfg = Release|Any CPU
		{6B9918FE-C9C2-4124-8506-32E58AE4453C}.Release|Any CPU.Build.0 = Release|Any CPU
		{63F482C8-13EC-4CAB-9F8D-47540B1F600F}.Debug|Any CPU.ActiveCfg = Debug|Any CPU
		{63F482C8-13EC-4CAB-9F8D-47540B1F600F}.Debug|Any CPU.Build.0 = Debug|Any CPU
		{63F482C8-13EC-4CAB-9F8D-47540B1F600F}.Release|Any CPU.ActiveCfg = Release|Any CPU
		{63F482C8-13EC-4CAB-9F8D-47540B1F600F}.Release|Any CPU.Build.0 = Release|Any CPU
		{F7AD7373-DEF3-4741-9DA2-D7BB6BA24D94}.Debug|Any CPU.ActiveCfg = Debug|Any CPU
		{F7AD7373-DEF3-4741-9DA2-D7BB6BA24D94}.Debug|Any CPU.Build.0 = Debug|Any CPU
		{F7AD7373-DEF3-4741-9DA2-D7BB6BA24D94}.Release|Any CPU.ActiveCfg = Release|Any CPU
		{F7AD7373-DEF3-4741-9DA2-D7BB6BA24D94}.Release|Any CPU.Build.0 = Release|Any CPU
		{F8FFD511-9CB4-454A-9FD4-447F9B5A27C9}.Debug|Any CPU.ActiveCfg = Debug|Any CPU
		{F8FFD511-9CB4-454A-9FD4-447F9B5A27C9}.Debug|Any CPU.Build.0 = Debug|Any CPU
		{F8FFD511-9CB4-454A-9FD4-447F9B5A27C9}.Release|Any CPU.ActiveCfg = Release|Any CPU
		{F8FFD511-9CB4-454A-9FD4-447F9B5A27C9}.Release|Any CPU.Build.0 = Release|Any CPU
		{DA11FFD4-3215-4ACA-B25C-D5BFA7DFE18C}.Debug|Any CPU.ActiveCfg = Debug|Any CPU
		{DA11FFD4-3215-4ACA-B25C-D5BFA7DFE18C}.Debug|Any CPU.Build.0 = Debug|Any CPU
		{DA11FFD4-3215-4ACA-B25C-D5BFA7DFE18C}.Release|Any CPU.ActiveCfg = Release|Any CPU
		{DA11FFD4-3215-4ACA-B25C-D5BFA7DFE18C}.Release|Any CPU.Build.0 = Release|Any CPU
	EndGlobalSection
	GlobalSection(NestedProjects) = preSolution
		{9318102D-4D1B-41F2-84AB-8681034712B0} = {538E17F6-1FE5-4D03-B85E-890866B0C5DB}
		{6B9918FE-C9C2-4124-8506-32E58AE4453C} = {538E17F6-1FE5-4D03-B85E-890866B0C5DB}
		{63F482C8-13EC-4CAB-9F8D-47540B1F600F} = {538E17F6-1FE5-4D03-B85E-890866B0C5DB}
		{F7AD7373-DEF3-4741-9DA2-D7BB6BA24D94} = {538E17F6-1FE5-4D03-B85E-890866B0C5DB}
		{F8FFD511-9CB4-454A-9FD4-447F9B5A27C9} = {538E17F6-1FE5-4D03-B85E-890866B0C5DB}
		{DA11FFD4-3215-4ACA-B25C-D5BFA7DFE18C} = {D4D66C8C-ED32-4FC3-8CF3-2902C6142C65}
	EndGlobalSection
EndGlobal
